
Microsoft Visual Studio Solution File, Format Version 12.00
# Visual Studio Version 17
VisualStudioVersion = 17.8.34330.188
MinimumVisualStudioVersion = 10.0.40219.1
Project("{FAE04EC0-301F-11D3-BF4B-00C04F79EFBC}") = "Cli_20240909", "Cli_20240909.csproj", "{7CECDD7C-CDE5-42A8-9776-3B99F3EDD8BF}"
EndProject
Global
	GlobalSection(SolutionConfigurationPlatforms) = preSolution
		Debug|Any CPU = Debug|Any CPU
		Release|Any CPU = Release|Any CPU
	EndGlobalSection
	GlobalSection(ProjectConfigurationPlatforms) = postSolution
		{7CECDD7C-CDE5-42A8-9776-3B99F3EDD8BF}.Debug|Any CPU.ActiveCfg = Debug|Any CPU
		{7CECDD7C-CDE5-42A8-9776-3B99F3EDD8BF}.Debug|Any CPU.Build.0 = Debug|Any CPU
		{7CECDD7C-CDE5-42A8-9776-3B99F3EDD8BF}.Release|Any CPU.ActiveCfg = Release|Any CPU
		{7CECDD7C-CDE5-42A8-9776-3B99F3EDD8BF}.Release|Any CPU.Build.0 = Release|Any CPU
	EndGlobalSection
	GlobalSection(SolutionProperties) = preSolution
		HideSolutionNode = FALSE
	EndGlobalSection
	GlobalSection(ExtensibilityGlobals) = postSolution
		SolutionGuid = {3967199A-C106-4096-BBD5-14FEADDF2EC7}
	EndGlobalSection
EndGlobal
